// !$*UTF8*$!
{
	archiveVersion = 1;
	classes = {
	};
	objectVersion = 55;
	objects = {

/* Begin PBXBuildFile section */
		CB0CB08C283047BE00E86650 /* NewEmployeeView.swift in Sources */ = {isa = PBXBuildFile; fileRef = CB0CB08B283047BE00E86650 /* NewEmployeeView.swift */; };
		CB0CB08E283047CA00E86650 /* NewEmployeeViewModel.swift in Sources */ = {isa = PBXBuildFile; fileRef = CB0CB08D283047CA00E86650 /* NewEmployeeViewModel.swift */; };
		CB54A6D42830E4360096A9F3 /* EmployeeViewModel.swift in Sources */ = {isa = PBXBuildFile; fileRef = CB54A6D32830E4360096A9F3 /* EmployeeViewModel.swift */; };
		CB54A6D82830E45A0096A9F3 /* EmployeeView.swift in Sources */ = {isa = PBXBuildFile; fileRef = CB54A6D72830E45A0096A9F3 /* EmployeeView.swift */; };
		CB54A6DA2830E8E70096A9F3 /* EntryFactory.swift in Sources */ = {isa = PBXBuildFile; fileRef = CB54A6D92830E8E70096A9F3 /* EntryFactory.swift */; };
		CB5A66D82833F92B00B0E905 /* EmployeeStore.swift in Sources */ = {isa = PBXBuildFile; fileRef = CB5A66D72833F92B00B0E905 /* EmployeeStore.swift */; };
		CB696BE528325E6A001987C5 /* NewEntryViewModel.swift in Sources */ = {isa = PBXBuildFile; fileRef = CB696BE428325E6A001987C5 /* NewEntryViewModel.swift */; };
		CB696BE728325E8B001987C5 /* NewEntryView.swift in Sources */ = {isa = PBXBuildFile; fileRef = CB696BE628325E8B001987C5 /* NewEntryView.swift */; };
		CBCFD965282F920400949226 /* Tests_iOS.swift in Sources */ = {isa = PBXBuildFile; fileRef = CBCFD964282F920400949226 /* Tests_iOS.swift */; };
		CBCFD967282F920400949226 /* Tests_iOSLaunchTests.swift in Sources */ = {isa = PBXBuildFile; fileRef = CBCFD966282F920400949226 /* Tests_iOSLaunchTests.swift */; };
		CBCFD974282F920400949226 /* OvertimeManagerApp.swift in Sources */ = {isa = PBXBuildFile; fileRef = CBCFD94C282F91FF00949226 /* OvertimeManagerApp.swift */; };
		CBCFD976282F920400949226 /* HomeView.swift in Sources */ = {isa = PBXBuildFile; fileRef = CBCFD94D282F91FF00949226 /* HomeView.swift */; };
		CBCFD978282F920400949226 /* Assets.xcassets in Resources */ = {isa = PBXBuildFile; fileRef = CBCFD94E282F920300949226 /* Assets.xcassets */; };
		CBCFD98B282F98CB00949226 /* Employee.swift in Sources */ = {isa = PBXBuildFile; fileRef = CBCFD98A282F98CB00949226 /* Employee.swift */; };
		CBCFD98F282F994800949226 /* TimeEntry.swift in Sources */ = {isa = PBXBuildFile; fileRef = CBCFD98E282F994800949226 /* TimeEntry.swift */; };
		CBCFD991282F9CF900949226 /* Service.swift in Sources */ = {isa = PBXBuildFile; fileRef = CBCFD990282F9CF900949226 /* Service.swift */; };
		CBCFD9932830420A00949226 /* HomeViewModel.swift in Sources */ = {isa = PBXBuildFile; fileRef = CBCFD9922830420A00949226 /* HomeViewModel.swift */; };
		CBCFD998283044D200949226 /* Double+toString.swift in Sources */ = {isa = PBXBuildFile; fileRef = CBCFD997283044D200949226 /* Double+toString.swift */; };
		CBCFD99B283044F500949226 /* EmployeeFactory.swift in Sources */ = {isa = PBXBuildFile; fileRef = CBCFD99A283044F500949226 /* EmployeeFactory.swift */; };
		CBDE052A2834C03700F0D512 /* Date+toString.swift in Sources */ = {isa = PBXBuildFile; fileRef = CBDE05292834C03700F0D512 /* Date+toString.swift */; };
		CBDE052D2834C98000F0D512 /* ConfirmationSheet.swift in Sources */ = {isa = PBXBuildFile; fileRef = CBDE052C2834C98000F0D512 /* ConfirmationSheet.swift */; };
		CBDE05302834CDC300F0D512 /* FormRowView.swift in Sources */ = {isa = PBXBuildFile; fileRef = CBDE052F2834CDC300F0D512 /* FormRowView.swift */; };
		CBDE05322834D40100F0D512 /* HStackTwoButtonsView.swift in Sources */ = {isa = PBXBuildFile; fileRef = CBDE05312834D40100F0D512 /* HStackTwoButtonsView.swift */; };
		CBDE05342834D5EA00F0D512 /* OvertimeStepperView.swift in Sources */ = {isa = PBXBuildFile; fileRef = CBDE05332834D5EA00F0D512 /* OvertimeStepperView.swift */; };
		CBDE05362834F53600F0D512 /* TimeEntryModel.swift in Sources */ = {isa = PBXBuildFile; fileRef = CBDE05352834F53600F0D512 /* TimeEntryModel.swift */; };
		CBDE05382834F54D00F0D512 /* EmployeeModel.swift in Sources */ = {isa = PBXBuildFile; fileRef = CBDE05372834F54D00F0D512 /* EmployeeModel.swift */; };
		CBDE053C2835267300F0D512 /* EmployeeRepository.swift in Sources */ = {isa = PBXBuildFile; fileRef = CBDE053B2835267300F0D512 /* EmployeeRepository.swift */; };
		CBDE053F283526AF00F0D512 /* EmployeeDB.swift in Sources */ = {isa = PBXBuildFile; fileRef = CBDE053E283526AF00F0D512 /* EmployeeDB.swift */; };
/* End PBXBuildFile section */

/* Begin PBXContainerItemProxy section */
		CBCFD961282F920400949226 /* PBXContainerItemProxy */ = {
			isa = PBXContainerItemProxy;
			containerPortal = CBCFD947282F91FF00949226 /* Project object */;
			proxyType = 1;
			remoteGlobalIDString = CBCFD952282F920300949226;
			remoteInfo = "OvertimeManager (iOS)";
		};
/* End PBXContainerItemProxy section */

/* Begin PBXFileReference section */
		CB0CB08B283047BE00E86650 /* NewEmployeeView.swift */ = {isa = PBXFileReference; lastKnownFileType = sourcecode.swift; path = NewEmployeeView.swift; sourceTree = "<group>"; };
		CB0CB08D283047CA00E86650 /* NewEmployeeViewModel.swift */ = {isa = PBXFileReference; lastKnownFileType = sourcecode.swift; path = NewEmployeeViewModel.swift; sourceTree = "<group>"; };
		CB54A6D32830E4360096A9F3 /* EmployeeViewModel.swift */ = {isa = PBXFileReference; lastKnownFileType = sourcecode.swift; path = EmployeeViewModel.swift; sourceTree = "<group>"; };
		CB54A6D72830E45A0096A9F3 /* EmployeeView.swift */ = {isa = PBXFileReference; lastKnownFileType = sourcecode.swift; path = EmployeeView.swift; sourceTree = "<group>"; };
		CB54A6D92830E8E70096A9F3 /* EntryFactory.swift */ = {isa = PBXFileReference; lastKnownFileType = sourcecode.swift; path = EntryFactory.swift; sourceTree = "<group>"; };
		CB5A66D72833F92B00B0E905 /* EmployeeStore.swift */ = {isa = PBXFileReference; lastKnownFileType = sourcecode.swift; path = EmployeeStore.swift; sourceTree = "<group>"; };
		CB696BE428325E6A001987C5 /* NewEntryViewModel.swift */ = {isa = PBXFileReference; lastKnownFileType = sourcecode.swift; path = NewEntryViewModel.swift; sourceTree = "<group>"; };
		CB696BE628325E8B001987C5 /* NewEntryView.swift */ = {isa = PBXFileReference; lastKnownFileType = sourcecode.swift; path = NewEntryView.swift; sourceTree = "<group>"; };
		CBCFD94C282F91FF00949226 /* OvertimeManagerApp.swift */ = {isa = PBXFileReference; lastKnownFileType = sourcecode.swift; path = OvertimeManagerApp.swift; sourceTree = "<group>"; };
		CBCFD94D282F91FF00949226 /* HomeView.swift */ = {isa = PBXFileReference; lastKnownFileType = sourcecode.swift; path = HomeView.swift; sourceTree = "<group>"; };
		CBCFD94E282F920300949226 /* Assets.xcassets */ = {isa = PBXFileReference; lastKnownFileType = folder.assetcatalog; path = Assets.xcassets; sourceTree = "<group>"; };
		CBCFD953282F920300949226 /* OvertimeManager.app */ = {isa = PBXFileReference; explicitFileType = wrapper.application; includeInIndex = 0; path = OvertimeManager.app; sourceTree = BUILT_PRODUCTS_DIR; };
		CBCFD960282F920400949226 /* Tests iOS.xctest */ = {isa = PBXFileReference; explicitFileType = wrapper.cfbundle; includeInIndex = 0; path = "Tests iOS.xctest"; sourceTree = BUILT_PRODUCTS_DIR; };
		CBCFD964282F920400949226 /* Tests_iOS.swift */ = {isa = PBXFileReference; lastKnownFileType = sourcecode.swift; path = Tests_iOS.swift; sourceTree = "<group>"; };
		CBCFD966282F920400949226 /* Tests_iOSLaunchTests.swift */ = {isa = PBXFileReference; lastKnownFileType = sourcecode.swift; path = Tests_iOSLaunchTests.swift; sourceTree = "<group>"; };
		CBCFD98A282F98CB00949226 /* Employee.swift */ = {isa = PBXFileReference; lastKnownFileType = sourcecode.swift; path = Employee.swift; sourceTree = "<group>"; };
		CBCFD98E282F994800949226 /* TimeEntry.swift */ = {isa = PBXFileReference; lastKnownFileType = sourcecode.swift; path = TimeEntry.swift; sourceTree = "<group>"; };
		CBCFD990282F9CF900949226 /* Service.swift */ = {isa = PBXFileReference; lastKnownFileType = sourcecode.swift; path = Service.swift; sourceTree = "<group>"; };
		CBCFD9922830420A00949226 /* HomeViewModel.swift */ = {isa = PBXFileReference; lastKnownFileType = sourcecode.swift; path = HomeViewModel.swift; sourceTree = "<group>"; };
		CBCFD997283044D200949226 /* Double+toString.swift */ = {isa = PBXFileReference; lastKnownFileType = sourcecode.swift; path = "Double+toString.swift"; sourceTree = "<group>"; };
		CBCFD99A283044F500949226 /* EmployeeFactory.swift */ = {isa = PBXFileReference; lastKnownFileType = sourcecode.swift; path = EmployeeFactory.swift; sourceTree = "<group>"; };
		CBDE05292834C03700F0D512 /* Date+toString.swift */ = {isa = PBXFileReference; lastKnownFileType = sourcecode.swift; path = "Date+toString.swift"; sourceTree = "<group>"; };
		CBDE052C2834C98000F0D512 /* ConfirmationSheet.swift */ = {isa = PBXFileReference; lastKnownFileType = sourcecode.swift; path = ConfirmationSheet.swift; sourceTree = "<group>"; };
		CBDE052F2834CDC300F0D512 /* FormRowView.swift */ = {isa = PBXFileReference; lastKnownFileType = sourcecode.swift; path = FormRowView.swift; sourceTree = "<group>"; };
		CBDE05312834D40100F0D512 /* HStackTwoButtonsView.swift */ = {isa = PBXFileReference; lastKnownFileType = sourcecode.swift; path = HStackTwoButtonsView.swift; sourceTree = "<group>"; };
		CBDE05332834D5EA00F0D512 /* OvertimeStepperView.swift */ = {isa = PBXFileReference; lastKnownFileType = sourcecode.swift; path = OvertimeStepperView.swift; sourceTree = "<group>"; };
		CBDE05352834F53600F0D512 /* TimeEntryModel.swift */ = {isa = PBXFileReference; lastKnownFileType = sourcecode.swift; path = TimeEntryModel.swift; sourceTree = "<group>"; };
		CBDE05372834F54D00F0D512 /* EmployeeModel.swift */ = {isa = PBXFileReference; lastKnownFileType = sourcecode.swift; path = EmployeeModel.swift; sourceTree = "<group>"; };
		CBDE053B2835267300F0D512 /* EmployeeRepository.swift */ = {isa = PBXFileReference; lastKnownFileType = sourcecode.swift; path = EmployeeRepository.swift; sourceTree = "<group>"; };
		CBDE053E283526AF00F0D512 /* EmployeeDB.swift */ = {isa = PBXFileReference; lastKnownFileType = sourcecode.swift; path = EmployeeDB.swift; sourceTree = "<group>"; };
/* End PBXFileReference section */

/* Begin PBXFrameworksBuildPhase section */
		CBCFD950282F920300949226 /* Frameworks */ = {
			isa = PBXFrameworksBuildPhase;
			buildActionMask = 2147483647;
			files = (
			);
			runOnlyForDeploymentPostprocessing = 0;
		};
		CBCFD95D282F920400949226 /* Frameworks */ = {
			isa = PBXFrameworksBuildPhase;
			buildActionMask = 2147483647;
			files = (
			);
			runOnlyForDeploymentPostprocessing = 0;
		};
/* End PBXFrameworksBuildPhase section */

/* Begin PBXGroup section */
		CB0CB08A283047A700E86650 /* NewEmployee */ = {
			isa = PBXGroup;
			children = (
				CB0CB08B283047BE00E86650 /* NewEmployeeView.swift */,
				CB0CB08D283047CA00E86650 /* NewEmployeeViewModel.swift */,
			);
			path = NewEmployee;
			sourceTree = "<group>";
		};
		CB54A6D22830E4260096A9F3 /* Employee */ = {
			isa = PBXGroup;
			children = (
				CB54A6D32830E4360096A9F3 /* EmployeeViewModel.swift */,
				CB54A6D72830E45A0096A9F3 /* EmployeeView.swift */,
			);
			path = Employee;
			sourceTree = "<group>";
		};
		CB696BE328325E56001987C5 /* NewEntry */ = {
			isa = PBXGroup;
			children = (
				CB696BE428325E6A001987C5 /* NewEntryViewModel.swift */,
				CB696BE628325E8B001987C5 /* NewEntryView.swift */,
			);
			path = NewEntry;
			sourceTree = "<group>";
		};
		CB80F3E228378DFD008C0C8B /* DB */ = {
			isa = PBXGroup;
			children = (
				CBDE05352834F53600F0D512 /* TimeEntryModel.swift */,
				CBDE05372834F54D00F0D512 /* EmployeeModel.swift */,
				CBCFD990282F9CF900949226 /* Service.swift */,
			);
			path = DB;
			sourceTree = "<group>";
		};
		CB80F3E328378E27008C0C8B /* App */ = {
			isa = PBXGroup;
			children = (
				CBCFD98A282F98CB00949226 /* Employee.swift */,
				CBCFD98E282F994800949226 /* TimeEntry.swift */,
				CB5A66D72833F92B00B0E905 /* EmployeeStore.swift */,
			);
			path = App;
			sourceTree = "<group>";
		};
		CBCFD946282F91FF00949226 = {
			isa = PBXGroup;
			children = (
				CBCFD94B282F91FF00949226 /* App */,
				CBCFD963282F920400949226 /* Tests iOS */,
				CBCFD954282F920300949226 /* Products */,
			);
			sourceTree = "<group>";
		};
		CBCFD94B282F91FF00949226 /* App */ = {
			isa = PBXGroup;
			children = (
				CBDE053D2835269200F0D512 /* Services */,
				CBDE053A2835264200F0D512 /* Repositories */,
				CBCFD999283044E600949226 /* Mocks */,
				CBCFD996283044C500949226 /* Extensions */,
				CBCFD994283044A400949226 /* Views */,
				CBDE05392834F57400F0D512 /* Models */,
				CBCFD94C282F91FF00949226 /* OvertimeManagerApp.swift */,
				CBCFD94E282F920300949226 /* Assets.xcassets */,
			);
			path = App;
			sourceTree = "<group>";
		};
		CBCFD954282F920300949226 /* Products */ = {
			isa = PBXGroup;
			children = (
				CBCFD953282F920300949226 /* OvertimeManager.app */,
				CBCFD960282F920400949226 /* Tests iOS.xctest */,
			);
			name = Products;
			sourceTree = "<group>";
		};
		CBCFD963282F920400949226 /* Tests iOS */ = {
			isa = PBXGroup;
			children = (
				CBCFD964282F920400949226 /* Tests_iOS.swift */,
				CBCFD966282F920400949226 /* Tests_iOSLaunchTests.swift */,
			);
			path = "Tests iOS";
			sourceTree = "<group>";
		};
		CBCFD994283044A400949226 /* Views */ = {
			isa = PBXGroup;
			children = (
				CBDE052E2834CDB800F0D512 /* Components */,
				CBDE052B2834C97300F0D512 /* ViewModifiers */,
				CB696BE328325E56001987C5 /* NewEntry */,
				CB54A6D22830E4260096A9F3 /* Employee */,
				CB0CB08A283047A700E86650 /* NewEmployee */,
				CBCFD995283044B000949226 /* Home */,
			);
			path = Views;
			sourceTree = "<group>";
		};
		CBCFD995283044B000949226 /* Home */ = {
			isa = PBXGroup;
			children = (
				CBCFD94D282F91FF00949226 /* HomeView.swift */,
				CBCFD9922830420A00949226 /* HomeViewModel.swift */,
			);
			path = Home;
			sourceTree = "<group>";
		};
		CBCFD996283044C500949226 /* Extensions */ = {
			isa = PBXGroup;
			children = (
				CBCFD997283044D200949226 /* Double+toString.swift */,
				CBDE05292834C03700F0D512 /* Date+toString.swift */,
			);
			path = Extensions;
			sourceTree = "<group>";
		};
		CBCFD999283044E600949226 /* Mocks */ = {
			isa = PBXGroup;
			children = (
				CBCFD99A283044F500949226 /* EmployeeFactory.swift */,
				CB54A6D92830E8E70096A9F3 /* EntryFactory.swift */,
			);
			path = Mocks;
			sourceTree = "<group>";
		};
		CBDE052B2834C97300F0D512 /* ViewModifiers */ = {
			isa = PBXGroup;
			children = (
				CBDE052C2834C98000F0D512 /* ConfirmationSheet.swift */,
			);
			path = ViewModifiers;
			sourceTree = "<group>";
		};
		CBDE052E2834CDB800F0D512 /* Components */ = {
			isa = PBXGroup;
			children = (
				CBDE052F2834CDC300F0D512 /* FormRowView.swift */,
				CBDE05312834D40100F0D512 /* HStackTwoButtonsView.swift */,
				CBDE05332834D5EA00F0D512 /* OvertimeStepperView.swift */,
			);
			path = Components;
			sourceTree = "<group>";
		};
		CBDE05392834F57400F0D512 /* Models */ = {
			isa = PBXGroup;
			children = (
				CB80F3E328378E27008C0C8B /* App */,
				CB80F3E228378DFD008C0C8B /* DB */,
			);
			path = Models;
			sourceTree = "<group>";
		};
		CBDE053A2835264200F0D512 /* Repositories */ = {
			isa = PBXGroup;
			children = (
				CBDE053B2835267300F0D512 /* EmployeeRepository.swift */,
			);
			path = Repositories;
			sourceTree = "<group>";
		};
		CBDE053D2835269200F0D512 /* Services */ = {
			isa = PBXGroup;
			children = (
				CBDE053E283526AF00F0D512 /* EmployeeDB.swift */,
			);
			path = Services;
			sourceTree = "<group>";
		};
/* End PBXGroup section */

/* Begin PBXNativeTarget section */
		CBCFD952282F920300949226 /* OvertimeManager (iOS) */ = {
			isa = PBXNativeTarget;
			buildConfigurationList = CBCFD97C282F920400949226 /* Build configuration list for PBXNativeTarget "OvertimeManager (iOS)" */;
			buildPhases = (
				CBCFD94F282F920300949226 /* Sources */,
				CBCFD950282F920300949226 /* Frameworks */,
				CBCFD951282F920300949226 /* Resources */,
			);
			buildRules = (
			);
			dependencies = (
			);
			name = "OvertimeManager (iOS)";
			productName = "OvertimeManager (iOS)";
			productReference = CBCFD953282F920300949226 /* OvertimeManager.app */;
			productType = "com.apple.product-type.application";
		};
		CBCFD95F282F920400949226 /* Tests iOS */ = {
			isa = PBXNativeTarget;
			buildConfigurationList = CBCFD982282F920400949226 /* Build configuration list for PBXNativeTarget "Tests iOS" */;
			buildPhases = (
				CBCFD95C282F920400949226 /* Sources */,
				CBCFD95D282F920400949226 /* Frameworks */,
				CBCFD95E282F920400949226 /* Resources */,
			);
			buildRules = (
			);
			dependencies = (
				CBCFD962282F920400949226 /* PBXTargetDependency */,
			);
			name = "Tests iOS";
			productName = "Tests iOS";
			productReference = CBCFD960282F920400949226 /* Tests iOS.xctest */;
			productType = "com.apple.product-type.bundle.ui-testing";
		};
/* End PBXNativeTarget section */

/* Begin PBXProject section */
		CBCFD947282F91FF00949226 /* Project object */ = {
			isa = PBXProject;
			attributes = {
				BuildIndependentTargetsInParallel = 1;
				LastSwiftUpdateCheck = 1330;
				LastUpgradeCheck = 1330;
				TargetAttributes = {
					CBCFD952282F920300949226 = {
						CreatedOnToolsVersion = 13.3.1;
					};
					CBCFD95F282F920400949226 = {
						CreatedOnToolsVersion = 13.3.1;
						TestTargetID = CBCFD952282F920300949226;
					};
				};
			};
			buildConfigurationList = CBCFD94A282F91FF00949226 /* Build configuration list for PBXProject "OvertimeManager" */;
			compatibilityVersion = "Xcode 13.0";
			developmentRegion = en;
			hasScannedForEncodings = 0;
			knownRegions = (
				en,
				Base,
			);
			mainGroup = CBCFD946282F91FF00949226;
			productRefGroup = CBCFD954282F920300949226 /* Products */;
			projectDirPath = "";
			projectRoot = "";
			targets = (
				CBCFD952282F920300949226 /* OvertimeManager (iOS) */,
				CBCFD95F282F920400949226 /* Tests iOS */,
			);
		};
/* End PBXProject section */

/* Begin PBXResourcesBuildPhase section */
		CBCFD951282F920300949226 /* Resources */ = {
			isa = PBXResourcesBuildPhase;
			buildActionMask = 2147483647;
			files = (
				CBCFD978282F920400949226 /* Assets.xcassets in Resources */,
			);
			runOnlyForDeploymentPostprocessing = 0;
		};
		CBCFD95E282F920400949226 /* Resources */ = {
			isa = PBXResourcesBuildPhase;
			buildActionMask = 2147483647;
			files = (
			);
			runOnlyForDeploymentPostprocessing = 0;
		};
/* End PBXResourcesBuildPhase section */

/* Begin PBXSourcesBuildPhase section */
		CBCFD94F282F920300949226 /* Sources */ = {
			isa = PBXSourcesBuildPhase;
			buildActionMask = 2147483647;
			files = (
				CBDE052A2834C03700F0D512 /* Date+toString.swift in Sources */,
				CBDE053F283526AF00F0D512 /* EmployeeDB.swift in Sources */,
				CBDE053C2835267300F0D512 /* EmployeeRepository.swift in Sources */,
				CBCFD99B283044F500949226 /* EmployeeFactory.swift in Sources */,
				CBCFD976282F920400949226 /* HomeView.swift in Sources */,
				CBCFD9932830420A00949226 /* HomeViewModel.swift in Sources */,
				CB0CB08C283047BE00E86650 /* NewEmployeeView.swift in Sources */,
				CB54A6D82830E45A0096A9F3 /* EmployeeView.swift in Sources */,
				CBDE05322834D40100F0D512 /* HStackTwoButtonsView.swift in Sources */,
				CBCFD998283044D200949226 /* Double+toString.swift in Sources */,
				CBCFD98B282F98CB00949226 /* Employee.swift in Sources */,
				CBDE05382834F54D00F0D512 /* EmployeeModel.swift in Sources */,
				CBDE05302834CDC300F0D512 /* FormRowView.swift in Sources */,
				CBDE05362834F53600F0D512 /* TimeEntryModel.swift in Sources */,
				CB54A6DA2830E8E70096A9F3 /* EntryFactory.swift in Sources */,
				CBCFD991282F9CF900949226 /* Service.swift in Sources */,
				CB696BE728325E8B001987C5 /* NewEntryView.swift in Sources */,
				CBCFD974282F920400949226 /* OvertimeManagerApp.swift in Sources */,
				CBDE052D2834C98000F0D512 /* ConfirmationSheet.swift in Sources */,
				CB696BE528325E6A001987C5 /* NewEntryViewModel.swift in Sources */,
				CB54A6D42830E4360096A9F3 /* EmployeeViewModel.swift in Sources */,
				CB5A66D82833F92B00B0E905 /* EmployeeStore.swift in Sources */,
				CBCFD98F282F994800949226 /* TimeEntry.swift in Sources */,
				CB0CB08E283047CA00E86650 /* NewEmployeeViewModel.swift in Sources */,
				CBDE05342834D5EA00F0D512 /* OvertimeStepperView.swift in Sources */,
			);
			runOnlyForDeploymentPostprocessing = 0;
		};
		CBCFD95C282F920400949226 /* Sources */ = {
			isa = PBXSourcesBuildPhase;
			buildActionMask = 2147483647;
			files = (
				CBCFD967282F920400949226 /* Tests_iOSLaunchTests.swift in Sources */,
				CBCFD965282F920400949226 /* Tests_iOS.swift in Sources */,
			);
			runOnlyForDeploymentPostprocessing = 0;
		};
/* End PBXSourcesBuildPhase section */

/* Begin PBXTargetDependency section */
		CBCFD962282F920400949226 /* PBXTargetDependency */ = {
			isa = PBXTargetDependency;
			target = CBCFD952282F920300949226 /* OvertimeManager (iOS) */;
			targetProxy = CBCFD961282F920400949226 /* PBXContainerItemProxy */;
		};
/* End PBXTargetDependency section */

/* Begin XCBuildConfiguration section */
		CBCFD97A282F920400949226 /* Debug */ = {
			isa = XCBuildConfiguration;
			buildSettings = {
				ALWAYS_SEARCH_USER_PATHS = NO;
				CLANG_ANALYZER_NONNULL = YES;
				CLANG_ANALYZER_NUMBER_OBJECT_CONVERSION = YES_AGGRESSIVE;
				CLANG_CXX_LANGUAGE_STANDARD = "gnu++17";
				CLANG_ENABLE_MODULES = YES;
				CLANG_ENABLE_OBJC_ARC = YES;
				CLANG_ENABLE_OBJC_WEAK = YES;
				CLANG_WARN_BLOCK_CAPTURE_AUTORELEASING = YES;
				CLANG_WARN_BOOL_CONVERSION = YES;
				CLANG_WARN_COMMA = YES;
				CLANG_WARN_CONSTANT_CONVERSION = YES;
				CLANG_WARN_DEPRECATED_OBJC_IMPLEMENTATIONS = YES;
				CLANG_WARN_DIRECT_OBJC_ISA_USAGE = YES_ERROR;
				CLANG_WARN_DOCUMENTATION_COMMENTS = YES;
				CLANG_WARN_EMPTY_BODY = YES;
				CLANG_WARN_ENUM_CONVERSION = YES;
				CLANG_WARN_INFINITE_RECURSION = YES;
				CLANG_WARN_INT_CONVERSION = YES;
				CLANG_WARN_NON_LITERAL_NULL_CONVERSION = YES;
				CLANG_WARN_OBJC_IMPLICIT_RETAIN_SELF = YES;
				CLANG_WARN_OBJC_LITERAL_CONVERSION = YES;
				CLANG_WARN_OBJC_ROOT_CLASS = YES_ERROR;
				CLANG_WARN_QUOTED_INCLUDE_IN_FRAMEWORK_HEADER = YES;
				CLANG_WARN_RANGE_LOOP_ANALYSIS = YES;
				CLANG_WARN_STRICT_PROTOTYPES = YES;
				CLANG_WARN_SUSPICIOUS_MOVE = YES;
				CLANG_WARN_UNGUARDED_AVAILABILITY = YES_AGGRESSIVE;
				CLANG_WARN_UNREACHABLE_CODE = YES;
				CLANG_WARN__DUPLICATE_METHOD_MATCH = YES;
				COPY_PHASE_STRIP = NO;
				DEBUG_INFORMATION_FORMAT = dwarf;
				ENABLE_STRICT_OBJC_MSGSEND = YES;
				ENABLE_TESTABILITY = YES;
				GCC_C_LANGUAGE_STANDARD = gnu11;
				GCC_DYNAMIC_NO_PIC = NO;
				GCC_NO_COMMON_BLOCKS = YES;
				GCC_OPTIMIZATION_LEVEL = 0;
				GCC_PREPROCESSOR_DEFINITIONS = (
					"DEBUG=1",
					"$(inherited)",
				);
				GCC_WARN_64_TO_32_BIT_CONVERSION = YES;
				GCC_WARN_ABOUT_RETURN_TYPE = YES_ERROR;
				GCC_WARN_UNDECLARED_SELECTOR = YES;
				GCC_WARN_UNINITIALIZED_AUTOS = YES_AGGRESSIVE;
				GCC_WARN_UNUSED_FUNCTION = YES;
				GCC_WARN_UNUSED_VARIABLE = YES;
				IPHONEOS_DEPLOYMENT_TARGET = 15.0;
				MTL_ENABLE_DEBUG_INFO = INCLUDE_SOURCE;
				MTL_FAST_MATH = YES;
				ONLY_ACTIVE_ARCH = YES;
				SWIFT_ACTIVE_COMPILATION_CONDITIONS = DEBUG;
				SWIFT_OPTIMIZATION_LEVEL = "-Onone";
			};
			name = Debug;
		};
		CBCFD97B282F920400949226 /* Release */ = {
			isa = XCBuildConfiguration;
			buildSettings = {
				ALWAYS_SEARCH_USER_PATHS = NO;
				CLANG_ANALYZER_NONNULL = YES;
				CLANG_ANALYZER_NUMBER_OBJECT_CONVERSION = YES_AGGRESSIVE;
				CLANG_CXX_LANGUAGE_STANDARD = "gnu++17";
				CLANG_ENABLE_MODULES = YES;
				CLANG_ENABLE_OBJC_ARC = YES;
				CLANG_ENABLE_OBJC_WEAK = YES;
				CLANG_WARN_BLOCK_CAPTURE_AUTORELEASING = YES;
				CLANG_WARN_BOOL_CONVERSION = YES;
				CLANG_WARN_COMMA = YES;
				CLANG_WARN_CONSTANT_CONVERSION = YES;
				CLANG_WARN_DEPRECATED_OBJC_IMPLEMENTATIONS = YES;
				CLANG_WARN_DIRECT_OBJC_ISA_USAGE = YES_ERROR;
				CLANG_WARN_DOCUMENTATION_COMMENTS = YES;
				CLANG_WARN_EMPTY_BODY = YES;
				CLANG_WARN_ENUM_CONVERSION = YES;
				CLANG_WARN_INFINITE_RECURSION = YES;
				CLANG_WARN_INT_CONVERSION = YES;
				CLANG_WARN_NON_LITERAL_NULL_CONVERSION = YES;
				CLANG_WARN_OBJC_IMPLICIT_RETAIN_SELF = YES;
				CLANG_WARN_OBJC_LITERAL_CONVERSION = YES;
				CLANG_WARN_OBJC_ROOT_CLASS = YES_ERROR;
				CLANG_WARN_QUOTED_INCLUDE_IN_FRAMEWORK_HEADER = YES;
				CLANG_WARN_RANGE_LOOP_ANALYSIS = YES;
				CLANG_WARN_STRICT_PROTOTYPES = YES;
				CLANG_WARN_SUSPICIOUS_MOVE = YES;
				CLANG_WARN_UNGUARDED_AVAILABILITY = YES_AGGRESSIVE;
				CLANG_WARN_UNREACHABLE_CODE = YES;
				CLANG_WARN__DUPLICATE_METHOD_MATCH = YES;
				COPY_PHASE_STRIP = NO;
				DEBUG_INFORMATION_FORMAT = "dwarf-with-dsym";
				ENABLE_NS_ASSERTIONS = NO;
				ENABLE_STRICT_OBJC_MSGSEND = YES;
				GCC_C_LANGUAGE_STANDARD = gnu11;
				GCC_NO_COMMON_BLOCKS = YES;
				GCC_WARN_64_TO_32_BIT_CONVERSION = YES;
				GCC_WARN_ABOUT_RETURN_TYPE = YES_ERROR;
				GCC_WARN_UNDECLARED_SELECTOR = YES;
				GCC_WARN_UNINITIALIZED_AUTOS = YES_AGGRESSIVE;
				GCC_WARN_UNUSED_FUNCTION = YES;
				GCC_WARN_UNUSED_VARIABLE = YES;
				IPHONEOS_DEPLOYMENT_TARGET = 15.0;
				MTL_ENABLE_DEBUG_INFO = NO;
				MTL_FAST_MATH = YES;
				SWIFT_COMPILATION_MODE = wholemodule;
				SWIFT_OPTIMIZATION_LEVEL = "-O";
			};
			name = Release;
		};
		CBCFD97D282F920400949226 /* Debug */ = {
			isa = XCBuildConfiguration;
			buildSettings = {
				ASSETCATALOG_COMPILER_APPICON_NAME = AppIcon;
				ASSETCATALOG_COMPILER_GLOBAL_ACCENT_COLOR_NAME = AccentColor;
				CODE_SIGN_STYLE = Automatic;
				CURRENT_PROJECT_VERSION = 1;
				DEVELOPMENT_TEAM = K8M973GY56;
				ENABLE_PREVIEWS = YES;
				GENERATE_INFOPLIST_FILE = YES;
				INFOPLIST_KEY_UIApplicationSceneManifest_Generation = YES;
				INFOPLIST_KEY_UIApplicationSupportsIndirectInputEvents = YES;
				INFOPLIST_KEY_UILaunchScreen_Generation = YES;
				INFOPLIST_KEY_UISupportedInterfaceOrientations_iPad = "UIInterfaceOrientationPortrait UIInterfaceOrientationPortraitUpsideDown UIInterfaceOrientationLandscapeLeft UIInterfaceOrientationLandscapeRight";
				INFOPLIST_KEY_UISupportedInterfaceOrientations_iPhone = "UIInterfaceOrientationPortrait UIInterfaceOrientationLandscapeLeft UIInterfaceOrientationLandscapeRight";
				IPHONEOS_DEPLOYMENT_TARGET = 15.0;
				LD_RUNPATH_SEARCH_PATHS = (
					"$(inherited)",
					"@executable_path/Frameworks",
				);
				MARKETING_VERSION = 1.0;
				PRODUCT_BUNDLE_IDENTIFIER = com.merouane.OvertimeManager;
				PRODUCT_NAME = OvertimeManager;
				SDKROOT = iphoneos;
				SWIFT_EMIT_LOC_STRINGS = YES;
				SWIFT_VERSION = 5.0;
				TARGETED_DEVICE_FAMILY = "1,2";
			};
			name = Debug;
		};
		CBCFD97E282F920400949226 /* Release */ = {
			isa = XCBuildConfiguration;
			buildSettings = {
				ASSETCATALOG_COMPILER_APPICON_NAME = AppIcon;
				ASSETCATALOG_COMPILER_GLOBAL_ACCENT_COLOR_NAME = AccentColor;
				CODE_SIGN_STYLE = Automatic;
				CURRENT_PROJECT_VERSION = 1;
				DEVELOPMENT_TEAM = K8M973GY56;
				ENABLE_PREVIEWS = YES;
				GENERATE_INFOPLIST_FILE = YES;
				INFOPLIST_KEY_UIApplicationSceneManifest_Generation = YES;
				INFOPLIST_KEY_UIApplicationSupportsIndirectInputEvents = YES;
				INFOPLIST_KEY_UILaunchScreen_Generation = YES;
				INFOPLIST_KEY_UISupportedInterfaceOrientations_iPad = "UIInterfaceOrientationPortrait UIInterfaceOrientationPortraitUpsideDown UIInterfaceOrientationLandscapeLeft UIInterfaceOrientationLandscapeRight";
				INFOPLIST_KEY_UISupportedInterfaceOrientations_iPhone = "UIInterfaceOrientationPortrait UIInterfaceOrientationLandscapeLeft UIInterfaceOrientationLandscapeRight";
				IPHONEOS_DEPLOYMENT_TARGET = 15.0;
				LD_RUNPATH_SEARCH_PATHS = (
					"$(inherited)",
					"@executable_path/Frameworks",
				);
				MARKETING_VERSION = 1.0;
				PRODUCT_BUNDLE_IDENTIFIER = com.merouane.OvertimeManager;
				PRODUCT_NAME = OvertimeManager;
				SDKROOT = iphoneos;
				SWIFT_EMIT_LOC_STRINGS = YES;
				SWIFT_VERSION = 5.0;
				TARGETED_DEVICE_FAMILY = "1,2";
				VALIDATE_PRODUCT = YES;
			};
			name = Release;
		};
		CBCFD983282F920400949226 /* Debug */ = {
			isa = XCBuildConfiguration;
			buildSettings = {
				ALWAYS_EMBED_SWIFT_STANDARD_LIBRARIES = YES;
				CODE_SIGN_STYLE = Automatic;
				CURRENT_PROJECT_VERSION = 1;
				GENERATE_INFOPLIST_FILE = YES;
				IPHONEOS_DEPLOYMENT_TARGET = 15.4;
				MARKETING_VERSION = 1.0;
				PRODUCT_BUNDLE_IDENTIFIER = "com.merouane.Tests-iOS";
				PRODUCT_NAME = "$(TARGET_NAME)";
				SDKROOT = iphoneos;
				SWIFT_EMIT_LOC_STRINGS = NO;
				SWIFT_VERSION = 5.0;
				TARGETED_DEVICE_FAMILY = "1,2";
				TEST_TARGET_NAME = "OvertimeManager (iOS)";
			};
			name = Debug;
		};
		CBCFD984282F920400949226 /* Release */ = {
			isa = XCBuildConfiguration;
			buildSettings = {
				ALWAYS_EMBED_SWIFT_STANDARD_LIBRARIES = YES;
				CODE_SIGN_STYLE = Automatic;
				CURRENT_PROJECT_VERSION = 1;
				GENERATE_INFOPLIST_FILE = YES;
				IPHONEOS_DEPLOYMENT_TARGET = 15.4;
				MARKETING_VERSION = 1.0;
				PRODUCT_BUNDLE_IDENTIFIER = "com.merouane.Tests-iOS";
				PRODUCT_NAME = "$(TARGET_NAME)";
				SDKROOT = iphoneos;
				SWIFT_EMIT_LOC_STRINGS = NO;
				SWIFT_VERSION = 5.0;
				TARGETED_DEVICE_FAMILY = "1,2";
				TEST_TARGET_NAME = "OvertimeManager (iOS)";
				VALIDATE_PRODUCT = YES;
			};
			name = Release;
		};
/* End XCBuildConfiguration section */

/* Begin XCConfigurationList section */
		CBCFD94A282F91FF00949226 /* Build configuration list for PBXProject "OvertimeManager" */ = {
			isa = XCConfigurationList;
			buildConfigurations = (
				CBCFD97A282F920400949226 /* Debug */,
				CBCFD97B282F920400949226 /* Release */,
			);
			defaultConfigurationIsVisible = 0;
			defaultConfigurationName = Release;
		};
		CBCFD97C282F920400949226 /* Build configuration list for PBXNativeTarget "OvertimeManager (iOS)" */ = {
			isa = XCConfigurationList;
			buildConfigurations = (
				CBCFD97D282F920400949226 /* Debug */,
				CBCFD97E282F920400949226 /* Release */,
			);
			defaultConfigurationIsVisible = 0;
			defaultConfigurationName = Release;
		};
		CBCFD982282F920400949226 /* Build configuration list for PBXNativeTarget "Tests iOS" */ = {
			isa = XCConfigurationList;
			buildConfigurations = (
				CBCFD983282F920400949226 /* Debug */,
				CBCFD984282F920400949226 /* Release */,
			);
			defaultConfigurationIsVisible = 0;
			defaultConfigurationName = Release;
		};
/* End XCConfigurationList section */
	};
	rootObject = CBCFD947282F91FF00949226 /* Project object */;
}
